PODS:
  - Bolts/Tasks (1.9.1)
  - Parse (1.19.4):
    - Parse/Core (= 1.19.4)
  - Parse/Core (1.19.4):
    - Bolts/Tasks (= 1.9.1)
  - UnifiedForumModelParseImpl (0.13.0):
    - Parse
    - UnifiedForumParseFramework
  - UnifiedForumParseFramework (0.5.0):
    - Parse

DEPENDENCIES:
  - UnifiedForumModelParseImpl (from `../`)

SPEC REPOS:
  trunk:
    - Bolts
    - Parse
    - UnifiedForumParseFramework

EXTERNAL SOURCES:
  UnifiedForumModelParseImpl:
    :path: "../"

SPEC CHECKSUMS:
  Bolts: 8c1e8aab2f603387b8b9924f57d1d64f43d3ffdc
  Parse: 6d572042e2c171414c677acabcd9bab7bbf51264
  UnifiedForumModelParseImpl: 3511349a4a4dcb9ffad1aee77665e234b2919e5d
  UnifiedForumParseFramework: 928f255240d1e1f2f6991ca521a7c1044ff03138

PODFILE CHECKSUM: 849ba3a3b86acfccfffc3b890693b756d6e6352e

COCOAPODS: 1.11.2
